PODS:
  - Bugsnag (6.1.3)
  - bugsnag_crashlytics (0.0.6):
    - Bugsnag
    - Flutter
  - Flutter (1.0.0)

DEPENDENCIES:
  - bugsnag_crashlytics (from `.symlinks/plugins/bugsnag_crashlytics/ios`)
  - Flutter (from `Flutter`)

SPEC REPOS:
  trunk:
    - Bugsnag

EXTERNAL SOURCES:
  bugsnag_crashlytics:
    :path: ".symlinks/plugins/bugsnag_crashlytics/ios"
  Flutter:
    :path: Flutter

SPEC CHECKSUMS:
  Bugsnag: 62dc800fefb846ec607b8434183311d501204465
  bugsnag_crashlytics: 2bcbf64303264b3a315359a89f81adbaaba049f6
  Flutter: 0e3d915762c693b495b44d77113d4970485de6ec

PODFILE CHECKSUM: aafe91acc616949ddb318b77800a7f51bffa2a4c

COCOAPODS: 1.9.3
